// !$*UTF8*$!
{
	archiveVersion = 1;
	classes = {
	};
	objectVersion = 55;
	objects = {

/* Begin PBXBuildFile section */
		9830A3CB28E3E10100BD51AA /* AppDelegate.swift in Sources */ = {isa = PBXBuildFile; fileRef = 9830A3CA28E3E10100BD51AA /* AppDelegate.swift */; };
		9830A3CD28E3E10100BD51AA /* SceneDelegate.swift in Sources */ = {isa = PBXBuildFile; fileRef = 9830A3CC28E3E10100BD51AA /* SceneDelegate.swift */; };
		9830A3CF28E3E10100BD51AA /* ViewController.swift in Sources */ = {isa = PBXBuildFile; fileRef = 9830A3CE28E3E10100BD51AA /* ViewController.swift */; };
		9830A3D228E3E10100BD51AA /* Main.storyboard in Resources */ = {isa = PBXBuildFile; fileRef = 9830A3D028E3E10100BD51AA /* Main.storyboard */; };
		9830A3D528E3E10100BD51AA /* BusinessCardManager.xcdatamodeld in Sources */ = {isa = PBXBuildFile; fileRef = 9830A3D328E3E10100BD51AA /* BusinessCardManager.xcdatamodeld */; };
		9830A3D728E3E10200BD51AA /* Assets.xcassets in Resources */ = {isa = PBXBuildFile; fileRef = 9830A3D628E3E10200BD51AA /* Assets.xcassets */; };
		9830A3DA28E3E10200BD51AA /* LaunchScreen.storyboard in Resources */ = {isa = PBXBuildFile; fileRef = 9830A3D828E3E10200BD51AA /* LaunchScreen.storyboard */; };
		9830A3E528E3E10200BD51AA /* BusinessCardManagerTests.swift in Sources */ = {isa = PBXBuildFile; fileRef = 9830A3E428E3E10200BD51AA /* BusinessCardManagerTests.swift */; };
		9830A3EF28E3E10200BD51AA /* BusinessCardManagerUITests.swift in Sources */ = {isa = PBXBuildFile; fileRef = 9830A3EE28E3E10200BD51AA /* BusinessCardManagerUITests.swift */; };
		9830A3F128E3E10200BD51AA /* BusinessCardManagerUITestsLaunchTests.swift in Sources */ = {isa = PBXBuildFile; fileRef = 9830A3F028E3E10200BD51AA /* BusinessCardManagerUITestsLaunchTests.swift */; };
/* End PBXBuildFile section */

/* Begin PBXContainerItemProxy section */
		9830A3E128E3E10200BD51AA /* PBXContainerItemProxy */ = {
			isa = PBXContainerItemProxy;
			containerPortal = 9830A3BF28E3E10100BD51AA /* Project object */;
			proxyType = 1;
			remoteGlobalIDString = 9830A3C628E3E10100BD51AA;
			remoteInfo = BusinessCardManager;
		};
		9830A3EB28E3E10200BD51AA /* PBXContainerItemProxy */ = {
			isa = PBXContainerItemProxy;
			containerPortal = 9830A3BF28E3E10100BD51AA /* Project object */;
			proxyType = 1;
			remoteGlobalIDString = 9830A3C628E3E10100BD51AA;
			remoteInfo = BusinessCardManager;
		};
/* End PBXContainerItemProxy section */

/* Begin PBXFileReference section */
		9830A3C728E3E10100BD51AA /* BusinessCardManager.app */ = {isa = PBXFileReference; explicitFileType = wrapper.application; includeInIndex = 0; path = BusinessCardManager.app; sourceTree = BUILT_PRODUCTS_DIR; };
		9830A3CA28E3E10100BD51AA /* AppDelegate.swift */ = {isa = PBXFileReference; lastKnownFileType = sourcecode.swift; path = AppDelegate.swift; sourceTree = "<group>"; };
		9830A3CC28E3E10100BD51AA /* SceneDelegate.swift */ = {isa = PBXFileReference; lastKnownFileType = sourcecode.swift; path = SceneDelegate.swift; sourceTree = "<group>"; };
		9830A3CE28E3E10100BD51AA /* ViewController.swift */ = {isa = PBXFileReference; lastKnownFileType = sourcecode.swift; path = ViewController.swift; sourceTree = "<group>"; };
		9830A3D128E3E10100BD51AA /* Base */ = {isa = PBXFileReference; lastKnownFileType = file.storyboard; name = Base; path = Base.lproj/Main.storyboard; sourceTree = "<group>"; };
		9830A3D428E3E10100BD51AA /* BusinessCardManager.xcdatamodel */ = {isa = PBXFileReference; lastKnownFileType = wrapper.xcdatamodel; path = BusinessCardManager.xcdatamodel; sourceTree = "<group>"; };
		9830A3D628E3E10200BD51AA /* Assets.xcassets */ = {isa = PBXFileReference; lastKnownFileType = folder.assetcatalog; path = Assets.xcassets; sourceTree = "<group>"; };
		9830A3D928E3E10200BD51AA /* Base */ = {isa = PBXFileReference; lastKnownFileType = file.storyboard; name = Base; path = Base.lproj/LaunchScreen.storyboard; sourceTree = "<group>"; };
		9830A3DB28E3E10200BD51AA /* Info.plist */ = {isa = PBXFileReference; lastKnownFileType = text.plist.xml; path = Info.plist; sourceTree = "<group>"; };
		9830A3E028E3E10200BD51AA /* BusinessCardManagerTests.xctest */ = {isa = PBXFileReference; explicitFileType = wrapper.cfbundle; includeInIndex = 0; path = BusinessCardManagerTests.xctest; sourceTree = BUILT_PRODUCTS_DIR; };
		9830A3E428E3E10200BD51AA /* BusinessCardManagerTests.swift */ = {isa = PBXFileReference; lastKnownFileType = sourcecode.swift; path = BusinessCardManagerTests.swift; sourceTree = "<group>"; };
		9830A3EA28E3E10200BD51AA /* BusinessCardManagerUITests.xctest */ = {isa = PBXFileReference; explicitFileType = wrapper.cfbundle; includeInIndex = 0; path = BusinessCardManagerUITests.xctest; sourceTree = BUILT_PRODUCTS_DIR; };
		9830A3EE28E3E10200BD51AA /* BusinessCardManagerUITests.swift */ = {isa = PBXFileReference; lastKnownFileType = sourcecode.swift; path = BusinessCardManagerUITests.swift; sourceTree = "<group>"; };
		9830A3F028E3E10200BD51AA /* BusinessCardManagerUITestsLaunchTests.swift */ = {isa = PBXFileReference; lastKnownFileType = sourcecode.swift; path = BusinessCardManagerUITestsLaunchTests.swift; sourceTree = "<group>"; };
/* End PBXFileReference section */

/* Begin PBXFrameworksBuildPhase section */
		9830A3C428E3E10100BD51AA /* Frameworks */ = {
			isa = PBXFrameworksBuildPhase;
			buildActionMask = 2147483647;
			files = (
			);
			runOnlyForDeploymentPostprocessing = 0;
		};
		9830A3DD28E3E10200BD51AA /* Frameworks */ = {
			isa = PBXFrameworksBuildPhase;
			buildActionMask = 2147483647;
			files = (
			);
			runOnlyForDeploymentPostprocessing = 0;
		};
		9830A3E728E3E10200BD51AA /* Frameworks */ = {
			isa = PBXFrameworksBuildPhase;
			buildActionMask = 2147483647;
			files = (
			);
			runOnlyForDeploymentPostprocessing = 0;
		};
/* End PBXFrameworksBuildPhase section */

/* Begin PBXGroup section */
		9830A3BE28E3E10100BD51AA = {
			isa = PBXGroup;
			children = (
				9830A3C928E3E10100BD51AA /* BusinessCardManager */,
				9830A3E328E3E10200BD51AA /* BusinessCardManagerTests */,
				9830A3ED28E3E10200BD51AA /* BusinessCardManagerUITests */,
				9830A3C828E3E10100BD51AA /* Products */,
			);
			sourceTree = "<group>";
		};
		9830A3C828E3E10100BD51AA /* Products */ = {
			isa = PBXGroup;
			children = (
				9830A3C728E3E10100BD51AA /* BusinessCardManager.app */,
				9830A3E028E3E10200BD51AA /* BusinessCardManagerTests.xctest */,
				9830A3EA28E3E10200BD51AA /* BusinessCardManagerUITests.xctest */,
			);
			name = Products;
			sourceTree = "<group>";
		};
		9830A3C928E3E10100BD51AA /* BusinessCardManager */ = {
			isa = PBXGroup;
			children = (
				9830A3CA28E3E10100BD51AA /* AppDelegate.swift */,
				9830A3CC28E3E10100BD51AA /* SceneDelegate.swift */,
				9830A3CE28E3E10100BD51AA /* ViewController.swift */,
				9830A3D028E3E10100BD51AA /* Main.storyboard */,
				9830A3D628E3E10200BD51AA /* Assets.xcassets */,
				9830A3D828E3E10200BD51AA /* LaunchScreen.storyboard */,
				9830A3DB28E3E10200BD51AA /* Info.plist */,
				9830A3D328E3E10100BD51AA /* BusinessCardManager.xcdatamodeld */,
			);
			path = BusinessCardManager;
			sourceTree = "<group>";
		};
		9830A3E328E3E10200BD51AA /* BusinessCardManagerTests */ = {
			isa = PBXGroup;
			children = (
				9830A3E428E3E10200BD51AA /* BusinessCardManagerTests.swift */,
			);
			path = BusinessCardManagerTests;
			sourceTree = "<group>";
		};
		9830A3ED28E3E10200BD51AA /* BusinessCardManagerUITests */ = {
			isa = PBXGroup;
			children = (
				9830A3EE28E3E10200BD51AA /* BusinessCardManagerUITests.swift */,
				9830A3F028E3E10200BD51AA /* BusinessCardManagerUITestsLaunchTests.swift */,
			);
			path = BusinessCardManagerUITests;
			sourceTree = "<group>";
		};
/* End PBXGroup section */

/* Begin PBXNativeTarget section */
		9830A3C628E3E10100BD51AA /* BusinessCardManager */ = {
			isa = PBXNativeTarget;
			buildConfigurationList = 9830A3F428E3E10200BD51AA /* Build configuration list for PBXNativeTarget "BusinessCardManager" */;
			buildPhases = (
				9830A3C328E3E10100BD51AA /* Sources */,
				9830A3C428E3E10100BD51AA /* Frameworks */,
				9830A3C528E3E10100BD51AA /* Resources */,
			);
			buildRules = (
			);
			dependencies = (
			);
			name = BusinessCardManager;
			productName = BusinessCardManager;
			productReference = 9830A3C728E3E10100BD51AA /* BusinessCardManager.app */;
			productType = "com.apple.product-type.application";
		};
		9830A3DF28E3E10200BD51AA /* BusinessCardManagerTests */ = {
			isa = PBXNativeTarget;
			buildConfigurationList = 9830A3F728E3E10200BD51AA /* Build configuration list for PBXNativeTarget "BusinessCardManagerTests" */;
			buildPhases = (
				9830A3DC28E3E10200BD51AA /* Sources */,
				9830A3DD28E3E10200BD51AA /* Frameworks */,
				9830A3DE28E3E10200BD51AA /* Resources */,
			);
			buildRules = (
			);
			dependencies = (
				9830A3E228E3E10200BD51AA /* PBXTargetDependency */,
			);
			name = BusinessCardManagerTests;
			productName = BusinessCardManagerTests;
			productReference = 9830A3E028E3E10200BD51AA /* BusinessCardManagerTests.xctest */;
			productType = "com.apple.product-type.bundle.unit-test";
		};
		9830A3E928E3E10200BD51AA /* BusinessCardManagerUITests */ = {
			isa = PBXNativeTarget;
			buildConfigurationList = 9830A3FA28E3E10200BD51AA /* Build configuration list for PBXNativeTarget "BusinessCardManagerUITests" */;
			buildPhases = (
				9830A3E628E3E10200BD51AA /* Sources */,
				9830A3E728E3E10200BD51AA /* Frameworks */,
				9830A3E828E3E10200BD51AA /* Resources */,
			);
			buildRules = (
			);
			dependencies = (
				9830A3EC28E3E10200BD51AA /* PBXTargetDependency */,
			);
			name = BusinessCardManagerUITests;
			productName = BusinessCardManagerUITests;
			productReference = 9830A3EA28E3E10200BD51AA /* BusinessCardManagerUITests.xctest */;
			productType = "com.apple.product-type.bundle.ui-testing";
		};
/* End PBXNativeTarget section */

/* Begin PBXProject section */
		9830A3BF28E3E10100BD51AA /* Project object */ = {
			isa = PBXProject;
			attributes = {
				BuildIndependentTargetsInParallel = 1;
				LastSwiftUpdateCheck = 1340;
				LastUpgradeCheck = 1340;
				TargetAttributes = {
					9830A3C628E3E10100BD51AA = {
						CreatedOnToolsVersion = 13.4.1;
					};
					9830A3DF28E3E10200BD51AA = {
						CreatedOnToolsVersion = 13.4.1;
						TestTargetID = 9830A3C628E3E10100BD51AA;
					};
					9830A3E928E3E10200BD51AA = {
						CreatedOnToolsVersion = 13.4.1;
						TestTargetID = 9830A3C628E3E10100BD51AA;
					};
				};
			};
			buildConfigurationList = 9830A3C228E3E10100BD51AA /* Build configuration list for PBXProject "BusinessCardManager" */;
			compatibilityVersion = "Xcode 13.0";
			developmentRegion = en;
			hasScannedForEncodings = 0;
			knownRegions = (
				en,
				Base,
			);
			mainGroup = 9830A3BE28E3E10100BD51AA;
			productRefGroup = 9830A3C828E3E10100BD51AA /* Products */;
			projectDirPath = "";
			projectRoot = "";
			targets = (
				9830A3C628E3E10100BD51AA /* BusinessCardManager */,
				9830A3DF28E3E10200BD51AA /* BusinessCardManagerTests */,
				9830A3E928E3E10200BD51AA /* BusinessCardManagerUITests */,
			);
		};
/* End PBXProject section */

/* Begin PBXResourcesBuildPhase section */
		9830A3C528E3E10100BD51AA /* Resources */ = {
			isa = PBXResourcesBuildPhase;
			buildActionMask = 2147483647;
			files = (
				9830A3DA28E3E10200BD51AA /* LaunchScreen.storyboard in Resources */,
				9830A3D728E3E10200BD51AA /* Assets.xcassets in Resources */,
				9830A3D228E3E10100BD51AA /* Main.storyboard in Resources */,
			);
			runOnlyForDeploymentPostprocessing = 0;
		};
		9830A3DE28E3E10200BD51AA /* Resources */ = {
			isa = PBXResourcesBuildPhase;
			buildActionMask = 2147483647;
			files = (
			);
			runOnlyForDeploymentPostprocessing = 0;
		};
		9830A3E828E3E10200BD51AA /* Resources */ = {
			isa = PBXResourcesBuildPhase;
			buildActionMask = 2147483647;
			files = (
			);
			runOnlyForDeploymentPostprocessing = 0;
		};
/* End PBXResourcesBuildPhase section */

/* Begin PBXSourcesBuildPhase section */
		9830A3C328E3E10100BD51AA /* Sources */ = {
			isa = PBXSourcesBuildPhase;
			buildActionMask = 2147483647;
			files = (
				9830A3CF28E3E10100BD51AA /* ViewController.swift in Sources */,
				9830A3CB28E3E10100BD51AA /* AppDelegate.swift in Sources */,
				9830A3D528E3E10100BD51AA /* BusinessCardManager.xcdatamodeld in Sources */,
				9830A3CD28E3E10100BD51AA /* SceneDelegate.swift in Sources */,
			);
			runOnlyForDeploymentPostprocessing = 0;
		};
		9830A3DC28E3E10200BD51AA /* Sources */ = {
			isa = PBXSourcesBuildPhase;
			buildActionMask = 2147483647;
			files = (
				9830A3E528E3E10200BD51AA /* BusinessCardManagerTests.swift in Sources */,
			);
			runOnlyForDeploymentPostprocessing = 0;
		};
		9830A3E628E3E10200BD51AA /* Sources */ = {
			isa = PBXSourcesBuildPhase;
			buildActionMask = 2147483647;
			files = (
				9830A3F128E3E10200BD51AA /* BusinessCardManagerUITestsLaunchTests.swift in Sources */,
				9830A3EF28E3E10200BD51AA /* BusinessCardManagerUITests.swift in Sources */,
			);
			runOnlyForDeploymentPostprocessing = 0;
		};
/* End PBXSourcesBuildPhase section */

/* Begin PBXTargetDependency section */
		9830A3E228E3E10200BD51AA /* PBXTargetDependency */ = {
			isa = PBXTargetDependency;
			target = 9830A3C628E3E10100BD51AA /* BusinessCardManager */;
			targetProxy = 9830A3E128E3E10200BD51AA /* PBXContainerItemProxy */;
		};
		9830A3EC28E3E10200BD51AA /* PBXTargetDependency */ = {
			isa = PBXTargetDependency;
			target = 9830A3C628E3E10100BD51AA /* BusinessCardManager */;
			targetProxy = 9830A3EB28E3E10200BD51AA /* PBXContainerItemProxy */;
		};
/* End PBXTargetDependency section */

/* Begin PBXVariantGroup section */
		9830A3D028E3E10100BD51AA /* Main.storyboard */ = {
			isa = PBXVariantGroup;
			children = (
				9830A3D128E3E10100BD51AA /* Base */,
			);
			name = Main.storyboard;
			sourceTree = "<group>";
		};
		9830A3D828E3E10200BD51AA /* LaunchScreen.storyboard */ = {
			isa = PBXVariantGroup;
			children = (
				9830A3D928E3E10200BD51AA /* Base */,
			);
			name = LaunchScreen.storyboard;
			sourceTree = "<group>";
		};
/* End PBXVariantGroup section */

/* Begin XCBuildConfiguration section */
		9830A3F228E3E10200BD51AA /* Debug */ = {
			isa = XCBuildConfiguration;
			buildSettings = {
				ALWAYS_SEARCH_USER_PATHS = NO;
				CLANG_ANALYZER_NONNULL = YES;
				CLANG_ANALYZER_NUMBER_OBJECT_CONVERSION = YES_AGGRESSIVE;
				CLANG_CXX_LANGUAGE_STANDARD = "gnu++17";
				CLANG_ENABLE_MODULES = YES;
				CLANG_ENABLE_OBJC_ARC = YES;
				CLANG_ENABLE_OBJC_WEAK = YES;
				CLANG_WARN_BLOCK_CAPTURE_AUTORELEASING = YES;
				CLANG_WARN_BOOL_CONVERSION = YES;
				CLANG_WARN_COMMA = YES;
				CLANG_WARN_CONSTANT_CONVERSION = YES;
				CLANG_WARN_DEPRECATED_OBJC_IMPLEMENTATIONS = YES;
				CLANG_WARN_DIRECT_OBJC_ISA_USAGE = YES_ERROR;
				CLANG_WARN_DOCUMENTATION_COMMENTS = YES;
				CLANG_WARN_EMPTY_BODY = YES;
				CLANG_WARN_ENUM_CONVERSION = YES;
				CLANG_WARN_INFINITE_RECURSION = YES;
				CLANG_WARN_INT_CONVERSION = YES;
				CLANG_WARN_NON_LITERAL_NULL_CONVERSION = YES;
				CLANG_WARN_OBJC_IMPLICIT_RETAIN_SELF = YES;
				CLANG_WARN_OBJC_LITERAL_CONVERSION = YES;
				CLANG_WARN_OBJC_ROOT_CLASS = YES_ERROR;
				CLANG_WARN_QUOTED_INCLUDE_IN_FRAMEWORK_HEADER = YES;
				CLANG_WARN_RANGE_LOOP_ANALYSIS = YES;
				CLANG_WARN_STRICT_PROTOTYPES = YES;
				CLANG_WARN_SUSPICIOUS_MOVE = YES;
				CLANG_WARN_UNGUARDED_AVAILABILITY = YES_AGGRESSIVE;
				CLANG_WARN_UNREACHABLE_CODE = YES;
				CLANG_WARN__DUPLICATE_METHOD_MATCH = YES;
				COPY_PHASE_STRIP = NO;
				DEBUG_INFORMATION_FORMAT = dwarf;
				ENABLE_STRICT_OBJC_MSGSEND = YES;
				ENABLE_TESTABILITY = YES;
				GCC_C_LANGUAGE_STANDARD = gnu11;
				GCC_DYNAMIC_NO_PIC = NO;
				GCC_NO_COMMON_BLOCKS = YES;
				GCC_OPTIMIZATION_LEVEL = 0;
				GCC_PREPROCESSOR_DEFINITIONS = (
					"DEBUG=1",
					"$(inherited)",
				);
				GCC_WARN_64_TO_32_BIT_CONVERSION = YES;
				GCC_WARN_ABOUT_RETURN_TYPE = YES_ERROR;
				GCC_WARN_UNDECLARED_SELECTOR = YES;
				GCC_WARN_UNINITIALIZED_AUTOS = YES_AGGRESSIVE;
				GCC_WARN_UNUSED_FUNCTION = YES;
				GCC_WARN_UNUSED_VARIABLE = YES;
				IPHONEOS_DEPLOYMENT_TARGET = 15.5;
				MTL_ENABLE_DEBUG_INFO = INCLUDE_SOURCE;
				MTL_FAST_MATH = YES;
				ONLY_ACTIVE_ARCH = YES;
				SDKROOT = iphoneos;
				SWIFT_ACTIVE_COMPILATION_CONDITIONS = DEBUG;
				SWIFT_OPTIMIZATION_LEVEL = "-Onone";
			};
			name = Debug;
		};
		9830A3F328E3E10200BD51AA /* Release */ = {
			isa = XCBuildConfiguration;
			buildSettings = {
				ALWAYS_SEARCH_USER_PATHS = NO;
				CLANG_ANALYZER_NONNULL = YES;
				CLANG_ANALYZER_NUMBER_OBJECT_CONVERSION = YES_AGGRESSIVE;
				CLANG_CXX_LANGUAGE_STANDARD = "gnu++17";
				CLANG_ENABLE_MODULES = YES;
				CLANG_ENABLE_OBJC_ARC = YES;
				CLANG_ENABLE_OBJC_WEAK = YES;
				CLANG_WARN_BLOCK_CAPTURE_AUTORELEASING = YES;
				CLANG_WARN_BOOL_CONVERSION = YES;
				CLANG_WARN_COMMA = YES;
				CLANG_WARN_CONSTANT_CONVERSION = YES;
				CLANG_WARN_DEPRECATED_OBJC_IMPLEMENTATIONS = YES;
				CLANG_WARN_DIRECT_OBJC_ISA_USAGE = YES_ERROR;
				CLANG_WARN_DOCUMENTATION_COMMENTS = YES;
				CLANG_WARN_EMPTY_BODY = YES;
				CLANG_WARN_ENUM_CONVERSION = YES;
				CLANG_WARN_INFINITE_RECURSION = YES;
				CLANG_WARN_INT_CONVERSION = YES;
				CLANG_WARN_NON_LITERAL_NULL_CONVERSION = YES;
				CLANG_WARN_OBJC_IMPLICIT_RETAIN_SELF = YES;
				CLANG_WARN_OBJC_LITERAL_CONVERSION = YES;
				CLANG_WARN_OBJC_ROOT_CLASS = YES_ERROR;
				CLANG_WARN_QUOTED_INCLUDE_IN_FRAMEWORK_HEADER = YES;
				CLANG_WARN_RANGE_LOOP_ANALYSIS = YES;
				CLANG_WARN_STRICT_PROTOTYPES = YES;
				CLANG_WARN_SUSPICIOUS_MOVE = YES;
				CLANG_WARN_UNGUARDED_AVAILABILITY = YES_AGGRESSIVE;
				CLANG_WARN_UNREACHABLE_CODE = YES;
				CLANG_WARN__DUPLICATE_METHOD_MATCH = YES;
				COPY_PHASE_STRIP = NO;
				DEBUG_INFORMATION_FORMAT = "dwarf-with-dsym";
				ENABLE_NS_ASSERTIONS = NO;
				ENABLE_STRICT_OBJC_MSGSEND = YES;
				GCC_C_LANGUAGE_STANDARD = gnu11;
				GCC_NO_COMMON_BLOCKS = YES;
				GCC_WARN_64_TO_32_BIT_CONVERSION = YES;
				GCC_WARN_ABOUT_RETURN_TYPE = YES_ERROR;
				GCC_WARN_UNDECLARED_SELECTOR = YES;
				GCC_WARN_UNINITIALIZED_AUTOS = YES_AGGRESSIVE;
				GCC_WARN_UNUSED_FUNCTION = YES;
				GCC_WARN_UNUSED_VARIABLE = YES;
				IPHONEOS_DEPLOYMENT_TARGET = 15.5;
				MTL_ENABLE_DEBUG_INFO = NO;
				MTL_FAST_MATH = YES;
				SDKROOT = iphoneos;
				SWIFT_COMPILATION_MODE = wholemodule;
				SWIFT_OPTIMIZATION_LEVEL = "-O";
				VALIDATE_PRODUCT = YES;
			};
			name = Release;
		};
		9830A3F528E3E10200BD51AA /* Debug */ = {
			isa = XCBuildConfiguration;
			buildSettings = {
				ASSETCATALOG_COMPILER_APPICON_NAME = AppIcon;
				ASSETCATALOG_COMPILER_GLOBAL_ACCENT_COLOR_NAME = AccentColor;
				CODE_SIGN_STYLE = Automatic;
				CURRENT_PROJECT_VERSION = 1;
				DEVELOPMENT_TEAM = 9M3K6MMY34;
				GENERATE_INFOPLIST_FILE = YES;
				INFOPLIST_FILE = BusinessCardManager/Info.plist;
				INFOPLIST_KEY_UIApplicationSupportsIndirectInputEvents = YES;
				INFOPLIST_KEY_UILaunchStoryboardName = LaunchScreen;
				INFOPLIST_KEY_UIMainStoryboardFile = Main;
				INFOPLIST_KEY_UISupportedInterfaceOrientations_iPad = "UIInterfaceOrientationPortrait UIInterfaceOrientationPortraitUpsideDown UIInterfaceOrientationLandscapeLeft UIInterfaceOrientationLandscapeRight";
				INFOPLIST_KEY_UISupportedInterfaceOrientations_iPhone = "UIInterfaceOrientationPortrait UIInterfaceOrientationLandscapeLeft UIInterfaceOrientationLandscapeRight";
				LD_RUNPATH_SEARCH_PATHS = (
					"$(inherited)",
					"@executable_path/Frameworks",
				);
				MARKETING_VERSION = 1.0;
				PRODUCT_BUNDLE_IDENTIFIER = com.frank61003.BusinessCardManager;
				PRODUCT_NAME = "$(TARGET_NAME)";
				SWIFT_EMIT_LOC_STRINGS = YES;
				SWIFT_VERSION = 5.0;
				TARGETED_DEVICE_FAMILY = "1,2";
			};
			name = Debug;
		};
		9830A3F628E3E10200BD51AA /* Release */ = {
			isa = XCBuildConfiguration;
			buildSettings = {
				ASSETCATALOG_COMPILER_APPICON_NAME = AppIcon;
				ASSETCATALOG_COMPILER_GLOBAL_ACCENT_COLOR_NAME = AccentColor;
				CODE_SIGN_STYLE = Automatic;
				CURRENT_PROJECT_VERSION = 1;
				DEVELOPMENT_TEAM = 9M3K6MMY34;
				GENERATE_INFOPLIST_FILE = YES;
				INFOPLIST_FILE = BusinessCardManager/Info.plist;
				INFOPLIST_KEY_UIApplicationSupportsIndirectInputEvents = YES;
				INFOPLIST_KEY_UILaunchStoryboardName = LaunchScreen;
				INFOPLIST_KEY_UIMainStoryboardFile = Main;
				INFOPLIST_KEY_UISupportedInterfaceOrientations_iPad = "UIInterfaceOrientationPortrait UIInterfaceOrientationPortraitUpsideDown UIInterfaceOrientationLandscapeLeft UIInterfaceOrientationLandscapeRight";
				INFOPLIST_KEY_UISupportedInterfaceOrientations_iPhone = "UIInterfaceOrientationPortrait UIInterfaceOrientationLandscapeLeft UIInterfaceOrientationLandscapeRight";
				LD_RUNPATH_SEARCH_PATHS = (
					"$(inherited)",
					"@executable_path/Frameworks",
				);
				MARKETING_VERSION = 1.0;
				PRODUCT_BUNDLE_IDENTIFIER = com.frank61003.BusinessCardManager;
				PRODUCT_NAME = "$(TARGET_NAME)";
				SWIFT_EMIT_LOC_STRINGS = YES;
				SWIFT_VERSION = 5.0;
				TARGETED_DEVICE_FAMILY = "1,2";
			};
			name = Release;
		};
		9830A3F828E3E10200BD51AA /* Debug */ = {
			isa = XCBuildConfiguration;
			buildSettings = {
				ALWAYS_EMBED_SWIFT_STANDARD_LIBRARIES = YES;
				BUNDLE_LOADER = "$(TEST_HOST)";
				CODE_SIGN_STYLE = Automatic;
				CURRENT_PROJECT_VERSION = 1;
				DEVELOPMENT_TEAM = 9M3K6MMY34;
				GENERATE_INFOPLIST_FILE = YES;
				IPHONEOS_DEPLOYMENT_TARGET = 15.5;
				MARKETING_VERSION = 1.0;
				PRODUCT_BUNDLE_IDENTIFIER = com.frank61003.BusinessCardManagerTests;
				PRODUCT_NAME = "$(TARGET_NAME)";
				SWIFT_EMIT_LOC_STRINGS = NO;
				SWIFT_VERSION = 5.0;
				TARGETED_DEVICE_FAMILY = "1,2";
				TEST_HOST = "$(BUILT_PRODUCTS_DIR)/BusinessCardManager.app/BusinessCardManager";
			};
			name = Debug;
		};
		9830A3F928E3E10200BD51AA /* Release */ = {
			isa = XCBuildConfiguration;
			buildSettings = {
				ALWAYS_EMBED_SWIFT_STANDARD_LIBRARIES = YES;
				BUNDLE_LOADER = "$(TEST_HOST)";
				CODE_SIGN_STYLE = Automatic;
				CURRENT_PROJECT_VERSION = 1;
				DEVELOPMENT_TEAM = 9M3K6MMY34;
				GENERATE_INFOPLIST_FILE = YES;
				IPHONEOS_DEPLOYMENT_TARGET = 15.5;
				MARKETING_VERSION = 1.0;
				PRODUCT_BUNDLE_IDENTIFIER = com.frank61003.BusinessCardManagerTests;
				PRODUCT_NAME = "$(TARGET_NAME)";
				SWIFT_EMIT_LOC_STRINGS = NO;
				SWIFT_VERSION = 5.0;
				TARGETED_DEVICE_FAMILY = "1,2";
				TEST_HOST = "$(BUILT_PRODUCTS_DIR)/BusinessCardManager.app/BusinessCardManager";
			};
			name = Release;
		};
		9830A3FB28E3E10200BD51AA /* Debug */ = {
			isa = XCBuildConfiguration;
			buildSettings = {
				ALWAYS_EMBED_SWIFT_STANDARD_LIBRARIES = YES;
				CODE_SIGN_STYLE = Automatic;
				CURRENT_PROJECT_VERSION = 1;
				DEVELOPMENT_TEAM = 9M3K6MMY34;
				GENERATE_INFOPLIST_FILE = YES;
				MARKETING_VERSION = 1.0;
				PRODUCT_BUNDLE_IDENTIFIER = com.frank61003.BusinessCardManagerUITests;
				PRODUCT_NAME = "$(TARGET_NAME)";
				SWIFT_EMIT_LOC_STRINGS = NO;
				SWIFT_VERSION = 5.0;
				TARGETED_DEVICE_FAMILY = "1,2";
				TEST_TARGET_NAME = BusinessCardManager;
			};
			name = Debug;
		};
		9830A3FC28E3E10200BD51AA /* Release */ = {
			isa = XCBuildConfiguration;
			buildSettings = {
				ALWAYS_EMBED_SWIFT_STANDARD_LIBRARIES = YES;
				CODE_SIGN_STYLE = Automatic;
				CURRENT_PROJECT_VERSION = 1;
				DEVELOPMENT_TEAM = 9M3K6MMY34;
				GENERATE_INFOPLIST_FILE = YES;
				MARKETING_VERSION = 1.0;
				PRODUCT_BUNDLE_IDENTIFIER = com.frank61003.BusinessCardManagerUITests;
				PRODUCT_NAME = "$(TARGET_NAME)";
				SWIFT_EMIT_LOC_STRINGS = NO;
				SWIFT_VERSION = 5.0;
				TARGETED_DEVICE_FAMILY = "1,2";
				TEST_TARGET_NAME = BusinessCardManager;
			};
			name = Release;
		};
/* End XCBuildConfiguration section */

/* Begin XCConfigurationList section */
		9830A3C228E3E10100BD51AA /* Build configuration list for PBXProject "BusinessCardManager" */ = {
			isa = XCConfigurationList;
			buildConfigurations = (
				9830A3F228E3E10200BD51AA /* Debug */,
				9830A3F328E3E10200BD51AA /* Release */,
			);
			defaultConfigurationIsVisible = 0;
			defaultConfigurationName = Release;
		};
		9830A3F428E3E10200BD51AA /* Build configuration list for PBXNativeTarget "BusinessCardManager" */ = {
			isa = XCConfigurationList;
			buildConfigurations = (
				9830A3F528E3E10200BD51AA /* Debug */,
				9830A3F628E3E10200BD51AA /* Release */,
			);
			defaultConfigurationIsVisible = 0;
			defaultConfigurationName = Release;
		};
		9830A3F728E3E10200BD51AA /* Build configuration list for PBXNativeTarget "BusinessCardManagerTests" */ = {
			isa = XCConfigurationList;
			buildConfigurations = (
				9830A3F828E3E10200BD51AA /* Debug */,
				9830A3F928E3E10200BD51AA /* Release */,
			);
			defaultConfigurationIsVisible = 0;
			defaultConfigurationName = Release;
		};
		9830A3FA28E3E10200BD51AA /* Build configuration list for PBXNativeTarget "BusinessCardManagerUITests" */ = {
			isa = XCConfigurationList;
			buildConfigurations = (
				9830A3FB28E3E10200BD51AA /* Debug */,
				9830A3FC28E3E10200BD51AA /* Release */,
			);
			defaultConfigurationIsVisible = 0;
			defaultConfigurationName = Release;
		};
/* End XCConfigurationList section */

/* Begin XCVersionGroup section */
		9830A3D328E3E10100BD51AA /* BusinessCardManager.xcdatamodeld */ = {
			isa = XCVersionGroup;
			children = (
				9830A3D428E3E10100BD51AA /* BusinessCardManager.xcdatamodel */,
			);
			currentVersion = 9830A3D428E3E10100BD51AA /* BusinessCardManager.xcdatamodel */;
			path = BusinessCardManager.xcdatamodeld;
			sourceTree = "<group>";
			versionGroupType = wrapper.xcdatamodel;
		};
/* End XCVersionGroup section */
	};
	rootObject = 9830A3BF28E3E10100BD51AA /* Project object */;
}
